
Microsoft Visual Studio Solution File, Format Version 11.00
# Visual Studio 2010
Project("{FAE04EC0-301F-11D3-BF4B-00C04F79EFBC}") = "Assembly-CSharp", "Assembly-CSharp.csproj", "{ed882ad5-9794-8976-6b5c-476a38e03c16}"
EndProject
Project("{FAE04EC0-301F-11D3-BF4B-00C04F79EFBC}") = "Assembly-CSharp-Editor", "Assembly-CSharp-Editor.csproj", "{051350ca-215a-f5b4-ba2f-5cb567b169f8}"
EndProject
Project("{FAE04EC0-301F-11D3-BF4B-00C04F79EFBC}") = "Unity.RenderPipelines.Universal.Config.Runtime", "Unity.RenderPipelines.Universal.Config.Runtime.csproj", "{fd015564-45d3-7b23-d33b-dcb91c9829d8}"
EndProject
Project("{FAE04EC0-301F-11D3-BF4B-00C04F79EFBC}") = "Unity.RenderPipelines.Universal.Config.Editor.Tests", "Unity.RenderPipelines.Universal.Config.Editor.Tests.csproj", "{bd49eaa3-80d7-b47f-9e43-34e6fbd4c3b1}"
EndProject
Global
	GlobalSection(SolutionConfigurationPlatforms) = preSolution
		Debug|Any CPU = Debug|Any CPU
	EndGlobalSection
	GlobalSection(ProjectConfigurationPlatforms) = postSolution
		{ed882ad5-9794-8976-6b5c-476a38e03c16}.Debug|Any CPU.ActiveCfg = Debug|Any CPU
		{ed882ad5-9794-8976-6b5c-476a38e03c16}.Debug|Any CPU.Build.0 = Debug|Any CPU
		{051350ca-215a-f5b4-ba2f-5cb567b169f8}.Debug|Any CPU.ActiveCfg = Debug|Any CPU
		{051350ca-215a-f5b4-ba2f-5cb567b169f8}.Debug|Any CPU.Build.0 = Debug|Any CPU
		{fd015564-45d3-7b23-d33b-dcb91c9829d8}.Debug|Any CPU.ActiveCfg = Debug|Any CPU
		{fd015564-45d3-7b23-d33b-dcb91c9829d8}.Debug|Any CPU.Build.0 = Debug|Any CPU
		{bd49eaa3-80d7-b47f-9e43-34e6fbd4c3b1}.Debug|Any CPU.ActiveCfg = Debug|Any CPU
		{bd49eaa3-80d7-b47f-9e43-34e6fbd4c3b1}.Debug|Any CPU.Build.0 = Debug|Any CPU
	EndGlobalSection
	GlobalSection(SolutionProperties) = preSolution
		HideSolutionNode = FALSE
	EndGlobalSection
EndGlobal
